# This file is generated by running "yarn install" inside your project.
# Manual changes might be lost - proceed with caution!

__metadata:
  version: 8
  cacheKey: 10c0

"@ts_deplint/cli-darwin-arm64@npm:0.0.5":
  version: 0.0.5
  resolution: "@ts_deplint/cli-darwin-arm64@npm:0.0.5"
  conditions: os=darwin & cpu=arm64
  languageName: node
  linkType: hard

"@ts_deplint/cli-darwin-x64@npm:0.0.5":
  version: 0.0.5
  resolution: "@ts_deplint/cli-darwin-x64@npm:0.0.5"
  conditions: os=darwin & cpu=x64
  languageName: node
  linkType: hard

"@ts_deplint/cli-linux-arm64@npm:0.0.5":
  version: 0.0.5
  resolution: "@ts_deplint/cli-linux-arm64@npm:0.0.5"
  conditions: os=linux & cpu=arm64
  languageName: node
  linkType: hard

"@ts_deplint/cli-linux-x64@npm:0.0.5":
  version: 0.0.5
  resolution: "@ts_deplint/cli-linux-x64@npm:0.0.5"
  conditions: os=linux & cpu=x64
  languageName: node
  linkType: hard

"@ts_deplint/cli@workspace:.":
  version: 0.0.0-use.local
  resolution: "@ts_deplint/cli@workspace:."
  dependencies:
    "@ts_deplint/cli-darwin-arm64": "npm:0.0.5"
    "@ts_deplint/cli-darwin-x64": "npm:0.0.5"
    "@ts_deplint/cli-linux-arm64": "npm:0.0.5"
    "@ts_deplint/cli-linux-x64": "npm:0.0.5"
    "@types/node": "npm:^18.11.18"
    typescript: "npm:^5.4.3"
  dependenciesMeta:
    "@ts_deplint/cli-darwin-arm64":
      optional: true
    "@ts_deplint/cli-darwin-x64":
      optional: true
    "@ts_deplint/cli-linux-arm64":
      optional: true
    "@ts_deplint/cli-linux-x64":
      optional: true
  bin:
    cli: lib/index.js
  languageName: unknown
  linkType: soft

"@types/node@npm:^18.11.18":
  version: 18.19.29
  resolution: "@types/node@npm:18.19.29"
  dependencies:
    undici-types: "npm:~5.26.4"
  checksum: 10c0/71b6f7c728463310296a6f7b6959226c7dee2e3901060d18a9f8445bc4efbd6671d5c5d440031057bb2261b3ced44826ca38ed683adc3d7397a75a567dc65222
  languageName: node
  linkType: hard

"typescript@npm:^5.4.3":
  version: 5.4.4
  resolution: "typescript@npm:5.4.4"
  bin:
    tsc: bin/tsc
    tsserver: bin/tsserver
  checksum: 10c0/4d8de0291204ed61ca97ad0cba2ce064e09c4988ca1c451c787e4653ba76296ba35177a52694e8a00cf4ef899d0ee83338663b926d8b7d55167ff0ba81549999
  languageName: node
  linkType: hard

"typescript@patch:typescript@npm%3A^5.4.3#optional!builtin<compat/typescript>":
  version: 5.4.4
  resolution: "typescript@patch:typescript@npm%3A5.4.4#optional!builtin<compat/typescript>::version=5.4.4&hash=5adc0c"
  bin:
    tsc: bin/tsc
    tsserver: bin/tsserver
  checksum: 10c0/1fa41b9964a9ff0ed913b339c90b46031b2d2da3cb1a192af516610733f7f1d5f7f9754a8e22b9ac7076d3d8aedd2c4f84db3f113bad060eac3a95962443a1bf
  languageName: node
  linkType: hard

"undici-types@npm:~5.26.4":
  version: 5.26.5
  resolution: "undici-types@npm:5.26.5"
  checksum: 10c0/bb673d7876c2d411b6eb6c560e0c571eef4a01c1c19925175d16e3a30c4c428181fb8d7ae802a261f283e4166a0ac435e2f505743aa9e45d893f9a3df017b501
  languageName: node
  linkType: hard
